
Microsoft Visual Studio Solution File, Format Version 12.00
# Visual Studio Version 17
VisualStudioVersion = 17.4.33213.308
MinimumVisualStudioVersion = 10.0.40219.1
Project("{FAE04EC0-301F-11D3-BF4B-00C04F79EFBC}") = "MeuPrimeiroPrograma", "MeuPrimeiroPrograma\MeuPrimeiroPrograma.csproj", "{C78A984A-524D-4F88-962B-826E4A7CAF84}"
EndProject
Global
	GlobalSection(SolutionConfigurationPlatforms) = preSolution
		Debug|Any CPU = Debug|Any CPU
		Release|Any CPU = Release|Any CPU
	EndGlobalSection
	GlobalSection(ProjectConfigurationPlatforms) = postSolution
		{C78A984A-524D-4F88-962B-826E4A7CAF84}.Debug|Any CPU.ActiveCfg = Debug|Any CPU
		{C78A984A-524D-4F88-962B-826E4A7CAF84}.Debug|Any CPU.Build.0 = Debug|Any CPU
		{C78A984A-524D-4F88-962B-826E4A7CAF84}.Release|Any CPU.ActiveCfg = Release|Any CPU
		{C78A984A-524D-4F88-962B-826E4A7CAF84}.Release|Any CPU.Build.0 = Release|Any CPU
	EndGlobalSection
	GlobalSection(SolutionProperties) = preSolution
		HideSolutionNode = FALSE
	EndGlobalSection
	GlobalSection(ExtensibilityGlobals) = postSolution
		SolutionGuid = {ED90EE0B-C7B6-4C37-9F66-32723C09546E}
	EndGlobalSection
EndGlobal
